
Microsoft Visual Studio Solution File, Format Version 12.00
# Visual Studio Version 17
VisualStudioVersion = 17.13.35931.197 d17.13
MinimumVisualStudioVersion = 10.0.40219.1
Project("{FAE04EC0-301F-11D3-BF4B-00C04F79EFBC}") = "FinalExamDAIS.Models", "FinalExamDAIS.Models\FinalExamDAIS.Models.csproj", "{CF0BA6DC-A481-4B6C-AD80-320665A3102B}"
EndProject
Project("{FAE04EC0-301F-11D3-BF4B-00C04F79EFBC}") = "FinalExamDAIS.Repository", "FinalExamDAIS.Repository\FinalExamDAIS.Repository.csproj", "{8C977062-10C4-4CCF-A367-221FDCE93C40}"
EndProject
Project("{FAE04EC0-301F-11D3-BF4B-00C04F79EFBC}") = "FinalExamDAIS.Services", "FinalExamDAIS.Services\FinalExamDAIS.Services.csproj", "{F7058295-B5C3-4FEF-BE97-1F209752A82A}"
EndProject
Project("{FAE04EC0-301F-11D3-BF4B-00C04F79EFBC}") = "FinalExamDAIS.Web", "FinalExamDAIS.Web\FinalExamDAIS.Web.csproj", "{A0FC5DBF-58C9-4379-9083-3E03088EACBD}"
EndProject
Global
	GlobalSection(SolutionConfigurationPlatforms) = preSolution
		Debug|Any CPU = Debug|Any CPU
		Release|Any CPU = Release|Any CPU
	EndGlobalSection
	GlobalSection(ProjectConfigurationPlatforms) = postSolution
		{CF0BA6DC-A481-4B6C-AD80-320665A3102B}.Debug|Any CPU.ActiveCfg = Debug|Any CPU
		{CF0BA6DC-A481-4B6C-AD80-320665A3102B}.Debug|Any CPU.Build.0 = Debug|Any CPU
		{CF0BA6DC-A481-4B6C-AD80-320665A3102B}.Release|Any CPU.ActiveCfg = Release|Any CPU
		{CF0BA6DC-A481-4B6C-AD80-320665A3102B}.Release|Any CPU.Build.0 = Release|Any CPU
		{8C977062-10C4-4CCF-A367-221FDCE93C40}.Debug|Any CPU.ActiveCfg = Debug|Any CPU
		{8C977062-10C4-4CCF-A367-221FDCE93C40}.Debug|Any CPU.Build.0 = Debug|Any CPU
		{8C977062-10C4-4CCF-A367-221FDCE93C40}.Release|Any CPU.ActiveCfg = Release|Any CPU
		{8C977062-10C4-4CCF-A367-221FDCE93C40}.Release|Any CPU.Build.0 = Release|Any CPU
		{F7058295-B5C3-4FEF-BE97-1F209752A82A}.Debug|Any CPU.ActiveCfg = Debug|Any CPU
		{F7058295-B5C3-4FEF-BE97-1F209752A82A}.Debug|Any CPU.Build.0 = Debug|Any CPU
		{F7058295-B5C3-4FEF-BE97-1F209752A82A}.Release|Any CPU.ActiveCfg = Release|Any CPU
		{F7058295-B5C3-4FEF-BE97-1F209752A82A}.Release|Any CPU.Build.0 = Release|Any CPU
		{A0FC5DBF-58C9-4379-9083-3E03088EACBD}.Debug|Any CPU.ActiveCfg = Debug|Any CPU
		{A0FC5DBF-58C9-4379-9083-3E03088EACBD}.Debug|Any CPU.Build.0 = Debug|Any CPU
		{A0FC5DBF-58C9-4379-9083-3E03088EACBD}.Release|Any CPU.ActiveCfg = Release|Any CPU
		{A0FC5DBF-58C9-4379-9083-3E03088EACBD}.Release|Any CPU.Build.0 = Release|Any CPU
	EndGlobalSection
	GlobalSection(SolutionProperties) = preSolution
		HideSolutionNode = FALSE
	EndGlobalSection
	GlobalSection(ExtensibilityGlobals) = postSolution
		SolutionGuid = {CE76F101-F47D-489A-B30E-88067205B407}
	EndGlobalSection
EndGlobal
